
Microsoft Visual Studio Solution File, Format Version 11.00
# Visual Web Developer Express 2010
Project("{FAE04EC0-301F-11D3-BF4B-00C04F79EFBC}") = "e4dnd2obsidian", "e4dnd2obsidian\e4dnd2obsidian.csproj", "{3EC3D6AB-282E-4563-881D-2BA223D72D5D}"
EndProject
Project("{FAE04EC0-301F-11D3-BF4B-00C04F79EFBC}") = "e4dnd2obsidianGUI", "e4dnd2obsidianGUI\e4dnd2obsidianGUI.csproj", "{7D1E66C4-A524-4574-BA85-F8CD0EF006C2}"
EndProject
Project("{FAE04EC0-301F-11D3-BF4B-00C04F79EFBC}") = "OAuth", "OAuth\OAuth.csproj", "{843D1356-47A3-49D3-906D-03FB0E5C2743}"
EndProject
Project("{FAE04EC0-301F-11D3-BF4B-00C04F79EFBC}") = "e4dnd2obsidianWEB", "e4dnd2obsidianWEB\e4dnd2obsidianWEB.csproj", "{13B313FF-B6F9-4034-A457-1E0D2C3A67E6}"
EndProject
Global
	GlobalSection(SolutionConfigurationPlatforms) = preSolution
		Debug|Any CPU = Debug|Any CPU
		Debug|Mixed Platforms = Debug|Mixed Platforms
		Debug|x86 = Debug|x86
		Release|Any CPU = Release|Any CPU
		Release|Mixed Platforms = Release|Mixed Platforms
		Release|x86 = Release|x86
	EndGlobalSection
	GlobalSection(ProjectConfigurationPlatforms) = postSolution
		{3EC3D6AB-282E-4563-881D-2BA223D72D5D}.Debug|Any CPU.ActiveCfg = Debug|x86
		{3EC3D6AB-282E-4563-881D-2BA223D72D5D}.Debug|Mixed Platforms.ActiveCfg = Debug|x86
		{3EC3D6AB-282E-4563-881D-2BA223D72D5D}.Debug|Mixed Platforms.Build.0 = Debug|x86
		{3EC3D6AB-282E-4563-881D-2BA223D72D5D}.Debug|x86.ActiveCfg = Debug|x86
		{3EC3D6AB-282E-4563-881D-2BA223D72D5D}.Debug|x86.Build.0 = Debug|x86
		{3EC3D6AB-282E-4563-881D-2BA223D72D5D}.Release|Any CPU.ActiveCfg = Release|x86
		{3EC3D6AB-282E-4563-881D-2BA223D72D5D}.Release|Mixed Platforms.ActiveCfg = Release|x86
		{3EC3D6AB-282E-4563-881D-2BA223D72D5D}.Release|Mixed Platforms.Build.0 = Release|x86
		{3EC3D6AB-282E-4563-881D-2BA223D72D5D}.Release|x86.ActiveCfg = Release|x86
		{3EC3D6AB-282E-4563-881D-2BA223D72D5D}.Release|x86.Build.0 = Release|x86
		{7D1E66C4-A524-4574-BA85-F8CD0EF006C2}.Debug|Any CPU.ActiveCfg = Debug|x86
		{7D1E66C4-A524-4574-BA85-F8CD0EF006C2}.Debug|Mixed Platforms.ActiveCfg = Debug|x86
		{7D1E66C4-A524-4574-BA85-F8CD0EF006C2}.Debug|Mixed Platforms.Build.0 = Debug|x86
		{7D1E66C4-A524-4574-BA85-F8CD0EF006C2}.Debug|x86.ActiveCfg = Debug|x86
		{7D1E66C4-A524-4574-BA85-F8CD0EF006C2}.Debug|x86.Build.0 = Debug|x86
		{7D1E66C4-A524-4574-BA85-F8CD0EF006C2}.Release|Any CPU.ActiveCfg = Release|x86
		{7D1E66C4-A524-4574-BA85-F8CD0EF006C2}.Release|Mixed Platforms.ActiveCfg = Release|x86
		{7D1E66C4-A524-4574-BA85-F8CD0EF006C2}.Release|Mixed Platforms.Build.0 = Release|x86
		{7D1E66C4-A524-4574-BA85-F8CD0EF006C2}.Release|x86.ActiveCfg = Release|x86
		{7D1E66C4-A524-4574-BA85-F8CD0EF006C2}.Release|x86.Build.0 = Release|x86
		{843D1356-47A3-49D3-906D-03FB0E5C2743}.Debug|Any CPU.ActiveCfg = Debug|x86
		{843D1356-47A3-49D3-906D-03FB0E5C2743}.Debug|Mixed Platforms.ActiveCfg = Debug|x86
		{843D1356-47A3-49D3-906D-03FB0E5C2743}.Debug|Mixed Platforms.Build.0 = Debug|x86
		{843D1356-47A3-49D3-906D-03FB0E5C2743}.Debug|x86.ActiveCfg = Debug|x86
		{843D1356-47A3-49D3-906D-03FB0E5C2743}.Debug|x86.Build.0 = Debug|x86
		{843D1356-47A3-49D3-906D-03FB0E5C2743}.Release|Any CPU.ActiveCfg = Release|x86
		{843D1356-47A3-49D3-906D-03FB0E5C2743}.Release|Mixed Platforms.ActiveCfg = Release|x86
		{843D1356-47A3-49D3-906D-03FB0E5C2743}.Release|Mixed Platforms.Build.0 = Release|x86
		{843D1356-47A3-49D3-906D-03FB0E5C2743}.Release|x86.ActiveCfg = Release|x86
		{843D1356-47A3-49D3-906D-03FB0E5C2743}.Release|x86.Build.0 = Release|x86
		{13B313FF-B6F9-4034-A457-1E0D2C3A67E6}.Debug|Any CPU.ActiveCfg = Debug|Any CPU
		{13B313FF-B6F9-4034-A457-1E0D2C3A67E6}.Debug|Any CPU.Build.0 = Debug|Any CPU
		{13B313FF-B6F9-4034-A457-1E0D2C3A67E6}.Debug|Mixed Platforms.ActiveCfg = Debug|Any CPU
		{13B313FF-B6F9-4034-A457-1E0D2C3A67E6}.Debug|Mixed Platforms.Build.0 = Debug|Any CPU
		{13B313FF-B6F9-4034-A457-1E0D2C3A67E6}.Debug|x86.ActiveCfg = Debug|Any CPU
		{13B313FF-B6F9-4034-A457-1E0D2C3A67E6}.Release|Any CPU.ActiveCfg = Release|Any CPU
		{13B313FF-B6F9-4034-A457-1E0D2C3A67E6}.Release|Any CPU.Build.0 = Release|Any CPU
		{13B313FF-B6F9-4034-A457-1E0D2C3A67E6}.Release|Mixed Platforms.ActiveCfg = Release|Any CPU
		{13B313FF-B6F9-4034-A457-1E0D2C3A67E6}.Release|Mixed Platforms.Build.0 = Release|Any CPU
		{13B313FF-B6F9-4034-A457-1E0D2C3A67E6}.Release|x86.ActiveCfg = Release|Any CPU
	EndGlobalSection
	GlobalSection(SolutionProperties) = preSolution
		HideSolutionNode = FALSE
	EndGlobalSection
EndGlobal
